
Microsoft Visual Studio Solution File, Format Version 12.00
# Visual Studio Version 17
VisualStudioVersion = 17.14.36121.58 d17.14
MinimumVisualStudioVersion = 10.0.40219.1
Project("{FAE04EC0-301F-11D3-BF4B-00C04F79EFBC}") = "Ringkes", "Ringkes\Ringkes.csproj", "{2B9B624A-9BB2-43CE-81E0-3AA29985A8BB}"
EndProject
Global
	GlobalSection(SolutionConfigurationPlatforms) = preSolution
		Debug|Any CPU = Debug|Any CPU
		Release|Any CPU = Release|Any CPU
	EndGlobalSection
	GlobalSection(ProjectConfigurationPlatforms) = postSolution
		{2B9B624A-9BB2-43CE-81E0-3AA29985A8BB}.Debug|Any CPU.ActiveCfg = Debug|Any CPU
		{2B9B624A-9BB2-43CE-81E0-3AA29985A8BB}.Debug|Any CPU.Build.0 = Debug|Any CPU
		{2B9B624A-9BB2-43CE-81E0-3AA29985A8BB}.Release|Any CPU.ActiveCfg = Release|Any CPU
		{2B9B624A-9BB2-43CE-81E0-3AA29985A8BB}.Release|Any CPU.Build.0 = Release|Any CPU
	EndGlobalSection
	GlobalSection(SolutionProperties) = preSolution
		HideSolutionNode = FALSE
	EndGlobalSection
	GlobalSection(ExtensibilityGlobals) = postSolution
		SolutionGuid = {60E3D0B4-6160-468D-A60E-245C4FD22BD9}
	EndGlobalSection
EndGlobal
